
Microsoft Visual Studio Solution File, Format Version 12.00
# Visual Studio Version 16
VisualStudioVersion = 16.0.32602.291
MinimumVisualStudioVersion = 10.0.40219.1
Project("{FAE04EC0-301F-11D3-BF4B-00C04F79EFBC}") = "EngineeringGUI", "EngineeringGUI.csproj", "{C7DD11E9-D031-4886-B1CF-BE70BBECC822}"
EndProject
Global
	GlobalSection(SolutionConfigurationPlatforms) = preSolution
		Debug|Any CPU = Debug|Any CPU
		Release|Any CPU = Release|Any CPU
	EndGlobalSection
	GlobalSection(ProjectConfigurationPlatforms) = postSolution
		{C7DD11E9-D031-4886-B1CF-BE70BBECC822}.Debug|Any CPU.ActiveCfg = Debug|Any CPU
		{C7DD11E9-D031-4886-B1CF-BE70BBECC822}.Debug|Any CPU.Build.0 = Debug|Any CPU
		{C7DD11E9-D031-4886-B1CF-BE70BBECC822}.Release|Any CPU.ActiveCfg = Release|Any CPU
		{C7DD11E9-D031-4886-B1CF-BE70BBECC822}.Release|Any CPU.Build.0 = Release|Any CPU
	EndGlobalSection
	GlobalSection(SolutionProperties) = preSolution
		HideSolutionNode = FALSE
	EndGlobalSection
	GlobalSection(ExtensibilityGlobals) = postSolution
		SolutionGuid = {6177BF42-D1C1-493D-BE70-772A5D9860AC}
	EndGlobalSection
EndGlobal
